// !$*UTF8*$!
{
	archiveVersion = 1;
	classes = {
	};
	objectVersion = 48;
	objects = {

/* Begin PBXBuildFile section */
		77424FB82057B01200095CCD /* AppDelegate.swift in Sources */ = {isa = PBXBuildFile; fileRef = 77424FB72057B01200095CCD /* AppDelegate.swift */; };
		77424FBA2057B01200095CCD /* ViewController.swift in Sources */ = {isa = PBXBuildFile; fileRef = 77424FB92057B01200095CCD /* ViewController.swift */; };
		77424FBD2057B01200095CCD /* Main.storyboard in Resources */ = {isa = PBXBuildFile; fileRef = 77424FBB2057B01200095CCD /* Main.storyboard */; };
		77424FC02057B01200095CCD /* _3MarApi.xcdatamodeld in Sources */ = {isa = PBXBuildFile; fileRef = 77424FBE2057B01200095CCD /* _3MarApi.xcdatamodeld */; };
		77424FC22057B01200095CCD /* Assets.xcassets in Resources */ = {isa = PBXBuildFile; fileRef = 77424FC12057B01200095CCD /* Assets.xcassets */; };
		77424FC52057B01200095CCD /* LaunchScreen.storyboard in Resources */ = {isa = PBXBuildFile; fileRef = 77424FC32057B01200095CCD /* LaunchScreen.storyboard */; };
		77424FCF205814A700095CCD /* TableViewCell.swift in Sources */ = {isa = PBXBuildFile; fileRef = 77424FCE205814A700095CCD /* TableViewCell.swift */; };
/* End PBXBuildFile section */

/* Begin PBXFileReference section */
		77424FB42057B01200095CCD /* 13MarApi.app */ = {isa = PBXFileReference; explicitFileType = wrapper.application; includeInIndex = 0; path = 13MarApi.app; sourceTree = BUILT_PRODUCTS_DIR; };
		77424FB72057B01200095CCD /* AppDelegate.swift */ = {isa = PBXFileReference; lastKnownFileType = sourcecode.swift; path = AppDelegate.swift; sourceTree = "<group>"; };
		77424FB92057B01200095CCD /* ViewController.swift */ = {isa = PBXFileReference; lastKnownFileType = sourcecode.swift; path = ViewController.swift; sourceTree = "<group>"; };
		77424FBC2057B01200095CCD /* Base */ = {isa = PBXFileReference; lastKnownFileType = file.storyboard; name = Base; path = Base.lproj/Main.storyboard; sourceTree = "<group>"; };
		77424FBF2057B01200095CCD /* _3MarApi.xcdatamodel */ = {isa = PBXFileReference; lastKnownFileType = wrapper.xcdatamodel; path = _3MarApi.xcdatamodel; sourceTree = "<group>"; };
		77424FC12057B01200095CCD /* Assets.xcassets */ = {isa = PBXFileReference; lastKnownFileType = folder.assetcatalog; path = Assets.xcassets; sourceTree = "<group>"; };
		77424FC42057B01200095CCD /* Base */ = {isa = PBXFileReference; lastKnownFileType = file.storyboard; name = Base; path = Base.lproj/LaunchScreen.storyboard; sourceTree = "<group>"; };
		77424FC62057B01200095CCD /* Info.plist */ = {isa = PBXFileReference; lastKnownFileType = text.plist.xml; path = Info.plist; sourceTree = "<group>"; };
		77424FCE205814A700095CCD /* TableViewCell.swift */ = {isa = PBXFileReference; lastKnownFileType = sourcecode.swift; path = TableViewCell.swift; sourceTree = "<group>"; };
/* End PBXFileReference section */

/* Begin PBXFrameworksBuildPhase section */
		77424FB12057B01200095CCD /* Frameworks */ = {
			isa = PBXFrameworksBuildPhase;
			buildActionMask = 2147483647;
			files = (
			);
			runOnlyForDeploymentPostprocessing = 0;
		};
/* End PBXFrameworksBuildPhase section */

/* Begin PBXGroup section */
		77424FAB2057B01200095CCD = {
			isa = PBXGroup;
			children = (
				77424FCE205814A700095CCD /* TableViewCell.swift */,
				77424FB62057B01200095CCD /* 13MarApi */,
				77424FB52057B01200095CCD /* Products */,
			);
			sourceTree = "<group>";
		};
		77424FB52057B01200095CCD /* Products */ = {
			isa = PBXGroup;
			children = (
				77424FB42057B01200095CCD /* 13MarApi.app */,
			);
			name = Products;
			sourceTree = "<group>";
		};
		77424FB62057B01200095CCD /* 13MarApi */ = {
			isa = PBXGroup;
			children = (
				77424FB72057B01200095CCD /* AppDelegate.swift */,
				77424FB92057B01200095CCD /* ViewController.swift */,
				77424FBB2057B01200095CCD /* Main.storyboard */,
				77424FC12057B01200095CCD /* Assets.xcassets */,
				77424FC32057B01200095CCD /* LaunchScreen.storyboard */,
				77424FC62057B01200095CCD /* Info.plist */,
				77424FBE2057B01200095CCD /* _3MarApi.xcdatamodeld */,
			);
			path = 13MarApi;
			sourceTree = "<group>";
		};
/* End PBXGroup section */

/* Begin PBXNativeTarget section */
		77424FB32057B01200095CCD /* 13MarApi */ = {
			isa = PBXNativeTarget;
			buildConfigurationList = 77424FC92057B01200095CCD /* Build configuration list for PBXNativeTarget "13MarApi" */;
			buildPhases = (
				77424FB02057B01200095CCD /* Sources */,
				77424FB12057B01200095CCD /* Frameworks */,
				77424FB22057B01200095CCD /* Resources */,
			);
			buildRules = (
			);
			dependencies = (
			);
			name = 13MarApi;
			productName = 13MarApi;
			productReference = 77424FB42057B01200095CCD /* 13MarApi.app */;
			productType = "com.apple.product-type.application";
		};
/* End PBXNativeTarget section */

/* Begin PBXProject section */
		77424FAC2057B01200095CCD /* Project object */ = {
			isa = PBXProject;
			attributes = {
				LastSwiftUpdateCheck = 0920;
				LastUpgradeCheck = 0920;
				ORGANIZATIONNAME = "Appinventiv-PC";
				TargetAttributes = {
					77424FB32057B01200095CCD = {
						CreatedOnToolsVersion = 9.2;
						ProvisioningStyle = Automatic;
					};
				};
			};
			buildConfigurationList = 77424FAF2057B01200095CCD /* Build configuration list for PBXProject "13MarApi" */;
			compatibilityVersion = "Xcode 8.0";
			developmentRegion = en;
			hasScannedForEncodings = 0;
			knownRegions = (
				en,
				Base,
			);
			mainGroup = 77424FAB2057B01200095CCD;
			productRefGroup = 77424FB52057B01200095CCD /* Products */;
			projectDirPath = "";
			projectRoot = "";
			targets = (
				77424FB32057B01200095CCD /* 13MarApi */,
			);
		};
/* End PBXProject section */

/* Begin PBXResourcesBuildPhase section */
		77424FB22057B01200095CCD /* Resources */ = {
			isa = PBXResourcesBuildPhase;
			buildActionMask = 2147483647;
			files = (
				77424FC52057B01200095CCD /* LaunchScreen.storyboard in Resources */,
				77424FC22057B01200095CCD /* Assets.xcassets in Resources */,
				77424FBD2057B01200095CCD /* Main.storyboard in Resources */,
			);
			runOnlyForDeploymentPostprocessing = 0;
		};
/* End PBXResourcesBuildPhase section */

/* Begin PBXSourcesBuildPhase section */
		77424FB02057B01200095CCD /* Sources */ = {
			isa = PBXSourcesBuildPhase;
			buildActionMask = 2147483647;
			files = (
				77424FBA2057B01200095CCD /* ViewController.swift in Sources */,
				77424FCF205814A700095CCD /* TableViewCell.swift in Sources */,
				77424FB82057B01200095CCD /* AppDelegate.swift in Sources */,
				77424FC02057B01200095CCD /* _3MarApi.xcdatamodeld in Sources */,
			);
			runOnlyForDeploymentPostprocessing = 0;
		};
/* End PBXSourcesBuildPhase section */

/* Begin PBXVariantGroup section */
		77424FBB2057B01200095CCD /* Main.storyboard */ = {
			isa = PBXVariantGroup;
			children = (
				77424FBC2057B01200095CCD /* Base */,
			);
			name = Main.storyboard;
			sourceTree = "<group>";
		};
		77424FC32057B01200095CCD /* LaunchScreen.storyboard */ = {
			isa = PBXVariantGroup;
			children = (
				77424FC42057B01200095CCD /* Base */,
			);
			name = LaunchScreen.storyboard;
			sourceTree = "<group>";
		};
/* End PBXVariantGroup section */

/* Begin XCBuildConfiguration section */
		77424FC72057B01200095CCD /* Debug */ = {
			isa = XCBuildConfiguration;
			buildSettings = {
				ALWAYS_SEARCH_USER_PATHS = NO;
				CLANG_ANALYZER_NONNULL = YES;
				CLANG_ANALYZER_NUMBER_OBJECT_CONVERSION = YES_AGGRESSIVE;
				CLANG_CXX_LANGUAGE_STANDARD = "gnu++14";
				CLANG_CXX_LIBRARY = "libc++";
				CLANG_ENABLE_MODULES = YES;
				CLANG_ENABLE_OBJC_ARC = YES;
				CLANG_WARN_BLOCK_CAPTURE_AUTORELEASING = YES;
				CLANG_WARN_BOOL_CONVERSION = YES;
				CLANG_WARN_COMMA = YES;
				CLANG_WARN_CONSTANT_CONVERSION = YES;
				CLANG_WARN_DIRECT_OBJC_ISA_USAGE = YES_ERROR;
				CLANG_WARN_DOCUMENTATION_COMMENTS = YES;
				CLANG_WARN_EMPTY_BODY = YES;
				CLANG_WARN_ENUM_CONVERSION = YES;
				CLANG_WARN_INFINITE_RECURSION = YES;
				CLANG_WARN_INT_CONVERSION = YES;
				CLANG_WARN_NON_LITERAL_NULL_CONVERSION = YES;
				CLANG_WARN_OBJC_LITERAL_CONVERSION = YES;
				CLANG_WARN_OBJC_ROOT_CLASS = YES_ERROR;
				CLANG_WARN_RANGE_LOOP_ANALYSIS = YES;
				CLANG_WARN_STRICT_PROTOTYPES = YES;
				CLANG_WARN_SUSPICIOUS_MOVE = YES;
				CLANG_WARN_UNGUARDED_AVAILABILITY = YES_AGGRESSIVE;
				CLANG_WARN_UNREACHABLE_CODE = YES;
				CLANG_WARN__DUPLICATE_METHOD_MATCH = YES;
				CODE_SIGN_IDENTITY = "iPhone Developer";
				COPY_PHASE_STRIP = NO;
				DEBUG_INFORMATION_FORMAT = dwarf;
				ENABLE_STRICT_OBJC_MSGSEND = YES;
				ENABLE_TESTABILITY = YES;
				GCC_C_LANGUAGE_STANDARD = gnu11;
				GCC_DYNAMIC_NO_PIC = NO;
				GCC_NO_COMMON_BLOCKS = YES;
				GCC_OPTIMIZATION_LEVEL = 0;
				GCC_PREPROCESSOR_DEFINITIONS = (
					"DEBUG=1",
					"$(inherited)",
				);
				GCC_WARN_64_TO_32_BIT_CONVERSION = YES;
				GCC_WARN_ABOUT_RETURN_TYPE = YES_ERROR;
				GCC_WARN_UNDECLARED_SELECTOR = YES;
				GCC_WARN_UNINITIALIZED_AUTOS = YES_AGGRESSIVE;
				GCC_WARN_UNUSED_FUNCTION = YES;
				GCC_WARN_UNUSED_VARIABLE = YES;
				IPHONEOS_DEPLOYMENT_TARGET = 11.2;
				MTL_ENABLE_DEBUG_INFO = YES;
				ONLY_ACTIVE_ARCH = YES;
				SDKROOT = iphoneos;
				SWIFT_ACTIVE_COMPILATION_CONDITIONS = DEBUG;
				SWIFT_OPTIMIZATION_LEVEL = "-Onone";
			};
			name = Debug;
		};
		77424FC82057B01200095CCD /* Release */ = {
			isa = XCBuildConfiguration;
			buildSettings = {
				ALWAYS_SEARCH_USER_PATHS = NO;
				CLANG_ANALYZER_NONNULL = YES;
				CLANG_ANALYZER_NUMBER_OBJECT_CONVERSION = YES_AGGRESSIVE;
				CLANG_CXX_LANGUAGE_STANDARD = "gnu++14";
				CLANG_CXX_LIBRARY = "libc++";
				CLANG_ENABLE_MODULES = YES;
				CLANG_ENABLE_OBJC_ARC = YES;
				CLANG_WARN_BLOCK_CAPTURE_AUTORELEASING = YES;
				CLANG_WARN_BOOL_CONVERSION = YES;
				CLANG_WARN_COMMA = YES;
				CLANG_WARN_CONSTANT_CONVERSION = YES;
				CLANG_WARN_DIRECT_OBJC_ISA_USAGE = YES_ERROR;
				CLANG_WARN_DOCUMENTATION_COMMENTS = YES;
				CLANG_WARN_EMPTY_BODY = YES;
				CLANG_WARN_ENUM_CONVERSION = YES;
				CLANG_WARN_INFINITE_RECURSION = YES;
				CLANG_WARN_INT_CONVERSION = YES;
				CLANG_WARN_NON_LITERAL_NULL_CONVERSION = YES;
				CLANG_WARN_OBJC_LITERAL_CONVERSION = YES;
				CLANG_WARN_OBJC_ROOT_CLASS = YES_ERROR;
				CLANG_WARN_RANGE_LOOP_ANALYSIS = YES;
				CLANG_WARN_STRICT_PROTOTYPES = YES;
				CLANG_WARN_SUSPICIOUS_MOVE = YES;
				CLANG_WARN_UNGUARDED_AVAILABILITY = YES_AGGRESSIVE;
				CLANG_WARN_UNREACHABLE_CODE = YES;
				CLANG_WARN__DUPLICATE_METHOD_MATCH = YES;
				CODE_SIGN_IDENTITY = "iPhone Developer";
				COPY_PHASE_STRIP = NO;
				DEBUG_INFORMATION_FORMAT = "dwarf-with-dsym";
				ENABLE_NS_ASSERTIONS = NO;
				ENABLE_STRICT_OBJC_MSGSEND = YES;
				GCC_C_LANGUAGE_STANDARD = gnu11;
				GCC_NO_COMMON_BLOCKS = YES;
				GCC_WARN_64_TO_32_BIT_CONVERSION = YES;
				GCC_WARN_ABOUT_RETURN_TYPE = YES_ERROR;
				GCC_WARN_UNDECLARED_SELECTOR = YES;
				GCC_WARN_UNINITIALIZED_AUTOS = YES_AGGRESSIVE;
				GCC_WARN_UNUSED_FUNCTION = YES;
				GCC_WARN_UNUSED_VARIABLE = YES;
				IPHONEOS_DEPLOYMENT_TARGET = 11.2;
				MTL_ENABLE_DEBUG_INFO = NO;
				SDKROOT = iphoneos;
				SWIFT_OPTIMIZATION_LEVEL = "-Owholemodule";
				VALIDATE_PRODUCT = YES;
			};
			name = Release;
		};
		77424FCA2057B01200095CCD /* Debug */ = {
			isa = XCBuildConfiguration;
			buildSettings = {
				ASSETCATALOG_COMPILER_APPICON_NAME = AppIcon;
				CODE_SIGN_STYLE = Automatic;
				INFOPLIST_FILE = 13MarApi/Info.plist;
				LD_RUNPATH_SEARCH_PATHS = "$(inherited) @executable_path/Frameworks";
				PRODUCT_BUNDLE_IDENTIFIER = "com.appinventiv.-3MarApi";
				PRODUCT_NAME = "$(TARGET_NAME)";
				SWIFT_VERSION = 4.0;
				TARGETED_DEVICE_FAMILY = "1,2";
			};
			name = Debug;
		};
		77424FCB2057B01200095CCD /* Release */ = {
			isa = XCBuildConfiguration;
			buildSettings = {
				ASSETCATALOG_COMPILER_APPICON_NAME = AppIcon;
				CODE_SIGN_STYLE = Automatic;
				INFOPLIST_FILE = 13MarApi/Info.plist;
				LD_RUNPATH_SEARCH_PATHS = "$(inherited) @executable_path/Frameworks";
				PRODUCT_BUNDLE_IDENTIFIER = "com.appinventiv.-3MarApi";
				PRODUCT_NAME = "$(TARGET_NAME)";
				SWIFT_VERSION = 4.0;
				TARGETED_DEVICE_FAMILY = "1,2";
			};
			name = Release;
		};
/* End XCBuildConfiguration section */

/* Begin XCConfigurationList section */
		77424FAF2057B01200095CCD /* Build configuration list for PBXProject "13MarApi" */ = {
			isa = XCConfigurationList;
			buildConfigurations = (
				77424FC72057B01200095CCD /* Debug */,
				77424FC82057B01200095CCD /* Release */,
			);
			defaultConfigurationIsVisible = 0;
			defaultConfigurationName = Release;
		};
		77424FC92057B01200095CCD /* Build configuration list for PBXNativeTarget "13MarApi" */ = {
			isa = XCConfigurationList;
			buildConfigurations = (
				77424FCA2057B01200095CCD /* Debug */,
				77424FCB2057B01200095CCD /* Release */,
			);
			defaultConfigurationIsVisible = 0;
			defaultConfigurationName = Release;
		};
/* End XCConfigurationList section */

/* Begin XCVersionGroup section */
		77424FBE2057B01200095CCD /* _3MarApi.xcdatamodeld */ = {
			isa = XCVersionGroup;
			children = (
				77424FBF2057B01200095CCD /* _3MarApi.xcdatamodel */,
			);
			currentVersion = 77424FBF2057B01200095CCD /* _3MarApi.xcdatamodel */;
			path = _3MarApi.xcdatamodeld;
			sourceTree = "<group>";
			versionGroupType = wrapper.xcdatamodel;
		};
/* End XCVersionGroup section */
	};
	rootObject = 77424FAC2057B01200095CCD /* Project object */;
}
